// !$*UTF8*$!
{
	archiveVersion = 1;
	classes = {
	};
	objectVersion = 46;
	objects = {

/* Begin PBXBuildFile section */
		2763E9F1BD9D405582864244 /* libPods-ReactiveNetworking Mac.a in Frameworks */ = {isa = PBXBuildFile; fileRef = 5F819F88664E4790AA21A67E /* libPods-ReactiveNetworking Mac.a */; };
		3E565AF61958A3BE0075EAF5 /* RNParserSpec.m in Sources */ = {isa = PBXBuildFile; fileRef = 3E565AF51958A3BE0075EAF5 /* RNParserSpec.m */; };
		3E565AF71958A3BE0075EAF5 /* RNParserSpec.m in Sources */ = {isa = PBXBuildFile; fileRef = 3E565AF51958A3BE0075EAF5 /* RNParserSpec.m */; };
		3EC1A5A3194CFD2700D042AB /* RNClientSpec.m in Sources */ = {isa = PBXBuildFile; fileRef = 3EC1A5A2194CFD2700D042AB /* RNClientSpec.m */; };
		3EC1A5A4194CFD2700D042AB /* RNClientSpec.m in Sources */ = {isa = PBXBuildFile; fileRef = 3EC1A5A2194CFD2700D042AB /* RNClientSpec.m */; };
		3EC1A5AA194DCBF900D042AB /* object.json in Resources */ = {isa = PBXBuildFile; fileRef = 3EC1A5A9194DCBF900D042AB /* object.json */; };
		3EC1A5AB194DCBF900D042AB /* object.json in Resources */ = {isa = PBXBuildFile; fileRef = 3EC1A5A9194DCBF900D042AB /* object.json */; };
		3EE6E475194F8F4000957903 /* keypaths.json in Resources */ = {isa = PBXBuildFile; fileRef = 3EE6E474194F8EC900957903 /* keypaths.json */; };
		3EF40022194CF33700B163B6 /* Cocoa.framework in Frameworks */ = {isa = PBXBuildFile; fileRef = 3EF40021194CF33700B163B6 /* Cocoa.framework */; };
		3EF40036194CF33800B163B6 /* XCTest.framework in Frameworks */ = {isa = PBXBuildFile; fileRef = 3EF4FFC0194C271A00B163B6 /* XCTest.framework */; };
		3EF40037194CF33800B163B6 /* Cocoa.framework in Frameworks */ = {isa = PBXBuildFile; fileRef = 3EF40021194CF33700B163B6 /* Cocoa.framework */; };
		3EF4FFB3194C271A00B163B6 /* Foundation.framework in Frameworks */ = {isa = PBXBuildFile; fileRef = 3EF4FFB2194C271A00B163B6 /* Foundation.framework */; };
		3EF4FFB8194C271A00B163B6 /* ReactiveNetworking.h in CopyFiles */ = {isa = PBXBuildFile; fileRef = 3EF4FFB7194C271A00B163B6 /* ReactiveNetworking.h */; };
		3EF4FFC1194C271A00B163B6 /* XCTest.framework in Frameworks */ = {isa = PBXBuildFile; fileRef = 3EF4FFC0194C271A00B163B6 /* XCTest.framework */; };
		3EF4FFC2194C271A00B163B6 /* Foundation.framework in Frameworks */ = {isa = PBXBuildFile; fileRef = 3EF4FFB2194C271A00B163B6 /* Foundation.framework */; };
		3EF4FFC4194C271A00B163B6 /* UIKit.framework in Frameworks */ = {isa = PBXBuildFile; fileRef = 3EF4FFC3194C271A00B163B6 /* UIKit.framework */; };
		3EF4FFCD194C271A00B163B6 /* InfoPlist.strings in Resources */ = {isa = PBXBuildFile; fileRef = 3EF4FFCB194C271A00B163B6 /* InfoPlist.strings */; };
		6725540B195D518E0055DDC1 /* ReactiveNetworking Mac.framework in Frameworks */ = {isa = PBXBuildFile; fileRef = 3EF40020194CF33700B163B6 /* ReactiveNetworking Mac.framework */; };
		6725540C195D51960055DDC1 /* libReactiveNetworking iOS.a in Frameworks */ = {isa = PBXBuildFile; fileRef = 3EF4FFAF194C271A00B163B6 /* libReactiveNetworking iOS.a */; };
		6769DE111956F5BE003A7A45 /* keypaths.json in Resources */ = {isa = PBXBuildFile; fileRef = 3EE6E474194F8EC900957903 /* keypaths.json */; };
		6769DE441956FFC1003A7A45 /* RNReadmeSpec.m in Sources */ = {isa = PBXBuildFile; fileRef = 6769DE431956FFC1003A7A45 /* RNReadmeSpec.m */; };
		6769DE451956FFC1003A7A45 /* RNReadmeSpec.m in Sources */ = {isa = PBXBuildFile; fileRef = 6769DE431956FFC1003A7A45 /* RNReadmeSpec.m */; };
		6769DE4719570283003A7A45 /* readme.json in Resources */ = {isa = PBXBuildFile; fileRef = 6769DE4619570283003A7A45 /* readme.json */; };
		6769DE4819570283003A7A45 /* readme.json in Resources */ = {isa = PBXBuildFile; fileRef = 6769DE4619570283003A7A45 /* readme.json */; };
		67722025195D4902009A0C95 /* RNResponse.m in Sources */ = {isa = PBXBuildFile; fileRef = 3EF4FFE0194C3E0600B163B6 /* RNResponse.m */; };
		67722026195D4902009A0C95 /* RNResponse.m in Sources */ = {isa = PBXBuildFile; fileRef = 3EF4FFE0194C3E0600B163B6 /* RNResponse.m */; };
		67722027195D4905009A0C95 /* RNBaseClient.m in Sources */ = {isa = PBXBuildFile; fileRef = 3EF4FFDA194C2E8600B163B6 /* RNBaseClient.m */; };
		67722028195D4906009A0C95 /* RNBaseClient.m in Sources */ = {isa = PBXBuildFile; fileRef = 3EF4FFDA194C2E8600B163B6 /* RNBaseClient.m */; };
		67722029195D4908009A0C95 /* RNClient.m in Sources */ = {isa = PBXBuildFile; fileRef = 3E78663319589ABE00DB470C /* RNClient.m */; };
		6772202A195D4909009A0C95 /* RNClient.m in Sources */ = {isa = PBXBuildFile; fileRef = 3E78663319589ABE00DB470C /* RNClient.m */; };
		6772202B195D490B009A0C95 /* RNParser.m in Sources */ = {isa = PBXBuildFile; fileRef = 3E86AF001958A14B006DDAFA /* RNParser.m */; };
		6772202C195D490C009A0C95 /* RNParser.m in Sources */ = {isa = PBXBuildFile; fileRef = 3E86AF001958A14B006DDAFA /* RNParser.m */; };
		6772EDB6195770A6002300D7 /* error.json in Resources */ = {isa = PBXBuildFile; fileRef = 6772EDB5195770A6002300D7 /* error.json */; };
		6772EDB7195770A6002300D7 /* error.json in Resources */ = {isa = PBXBuildFile; fileRef = 6772EDB5195770A6002300D7 /* error.json */; };
		6772EDBB1957743B002300D7 /* TestClient.m in Sources */ = {isa = PBXBuildFile; fileRef = 6772EDBA1957743B002300D7 /* TestClient.m */; };
		6772EDBC1957743B002300D7 /* TestClient.m in Sources */ = {isa = PBXBuildFile; fileRef = 6772EDBA1957743B002300D7 /* TestClient.m */; };
		6772EDBF19577458002300D7 /* TestResponse.m in Sources */ = {isa = PBXBuildFile; fileRef = 6772EDBE19577458002300D7 /* TestResponse.m */; };
		6772EDC019577458002300D7 /* TestResponse.m in Sources */ = {isa = PBXBuildFile; fileRef = 6772EDBE19577458002300D7 /* TestResponse.m */; };
		6772EDC3195774EB002300D7 /* ReadmeClient.m in Sources */ = {isa = PBXBuildFile; fileRef = 6772EDC2195774EB002300D7 /* ReadmeClient.m */; };
		6772EDC4195774EB002300D7 /* ReadmeClient.m in Sources */ = {isa = PBXBuildFile; fileRef = 6772EDC2195774EB002300D7 /* ReadmeClient.m */; };
		6772EDC719577535002300D7 /* ReadmeUser.m in Sources */ = {isa = PBXBuildFile; fileRef = 6772EDC619577535002300D7 /* ReadmeUser.m */; };
		6772EDC819577535002300D7 /* ReadmeUser.m in Sources */ = {isa = PBXBuildFile; fileRef = 6772EDC619577535002300D7 /* ReadmeUser.m */; };
		677FC4CB195DD1190013EE47 /* TestObject.m in Sources */ = {isa = PBXBuildFile; fileRef = 677FC4CA195DD1190013EE47 /* TestObject.m */; };
		677FC4CC195DD1190013EE47 /* TestObject.m in Sources */ = {isa = PBXBuildFile; fileRef = 677FC4CA195DD1190013EE47 /* TestObject.m */; };
		67B3C4A519605BCC006183C9 /* RACSignal+ReactiveNetworkingAdditions.h in Headers */ = {isa = PBXBuildFile; fileRef = 67B3C4A319605BCC006183C9 /* RACSignal+ReactiveNetworkingAdditions.h */; };
		67B3C4A619605BCC006183C9 /* RACSignal+ReactiveNetworkingAdditions.m in Sources */ = {isa = PBXBuildFile; fileRef = 67B3C4A419605BCC006183C9 /* RACSignal+ReactiveNetworkingAdditions.m */; };
		67B3C4A719605BCC006183C9 /* RACSignal+ReactiveNetworkingAdditions.m in Sources */ = {isa = PBXBuildFile; fileRef = 67B3C4A419605BCC006183C9 /* RACSignal+ReactiveNetworkingAdditions.m */; };
		E9460F68AD1E49CEA3C72FAB /* libPods-ReactiveNetworking iOS.a in Frameworks */ = {isa = PBXBuildFile; fileRef = FEA9828397B94578A925BA1E /* libPods-ReactiveNetworking iOS.a */; };
/* End PBXBuildFile section */

/* Begin PBXContainerItemProxy section */
		3EF40038194CF33800B163B6 /* PBXContainerItemProxy */ = {
			isa = PBXContainerItemProxy;
			containerPortal = 3EF4FFA7194C271A00B163B6 /* Project object */;
			proxyType = 1;
			remoteGlobalIDString = 3EF4001F194CF33700B163B6;
			remoteInfo = "ReactiveNetworking Mac";
		};
		3EF4FFC5194C271A00B163B6 /* PBXContainerItemProxy */ = {
			isa = PBXContainerItemProxy;
			containerPortal = 3EF4FFA7194C271A00B163B6 /* Project object */;
			proxyType = 1;
			remoteGlobalIDString = 3EF4FFAE194C271A00B163B6;
			remoteInfo = ReactiveNetworking;
		};
/* End PBXContainerItemProxy section */

/* Begin PBXCopyFilesBuildPhase section */
		3EF4FFAD194C271A00B163B6 /* CopyFiles */ = {
			isa = PBXCopyFilesBuildPhase;
			buildActionMask = 2147483647;
			dstPath = "include/$(PRODUCT_NAME)";
			dstSubfolderSpec = 16;
			files = (
				3EF4FFB8194C271A00B163B6 /* ReactiveNetworking.h in CopyFiles */,
			);
			runOnlyForDeploymentPostprocessing = 0;
		};
/* End PBXCopyFilesBuildPhase section */

/* Begin PBXFileReference section */
		3E565AF51958A3BE0075EAF5 /* RNParserSpec.m */ = {isa = PBXFileReference; fileEncoding = 4; lastKnownFileType = sourcecode.c.objc; path = RNParserSpec.m; sourceTree = "<group>"; };
		3E78663219589ABE00DB470C /* RNClient.h */ = {isa = PBXFileReference; lastKnownFileType = sourcecode.c.h; path = RNClient.h; sourceTree = "<group>"; };
		3E78663319589ABE00DB470C /* RNClient.m */ = {isa = PBXFileReference; lastKnownFileType = sourcecode.c.objc; path = RNClient.m; sourceTree = "<group>"; };
		3E86AEFF1958A14B006DDAFA /* RNParser.h */ = {isa = PBXFileReference; lastKnownFileType = sourcecode.c.h; path = RNParser.h; sourceTree = "<group>"; };
		3E86AF001958A14B006DDAFA /* RNParser.m */ = {isa = PBXFileReference; lastKnownFileType = sourcecode.c.objc; path = RNParser.m; sourceTree = "<group>"; };
		3EC1A5A2194CFD2700D042AB /* RNClientSpec.m */ = {isa = PBXFileReference; fileEncoding = 4; lastKnownFileType = sourcecode.c.objc; path = RNClientSpec.m; sourceTree = "<group>"; };
		3EC1A5A5194CFD7E00D042AB /* ReactiveNetworkingTests-Prefix.pch */ = {isa = PBXFileReference; lastKnownFileType = sourcecode.c.h; path = "ReactiveNetworkingTests-Prefix.pch"; sourceTree = "<group>"; };
		3EC1A5A9194DCBF900D042AB /* object.json */ = {isa = PBXFileReference; fileEncoding = 4; lastKnownFileType = text.json; path = object.json; sourceTree = "<group>"; };
		3EE6E474194F8EC900957903 /* keypaths.json */ = {isa = PBXFileReference; fileEncoding = 4; lastKnownFileType = text.json; path = keypaths.json; sourceTree = "<group>"; };
		3EF40020194CF33700B163B6 /* ReactiveNetworking Mac.framework */ = {isa = PBXFileReference; explicitFileType = wrapper.framework; includeInIndex = 0; path = "ReactiveNetworking Mac.framework"; sourceTree = BUILT_PRODUCTS_DIR; };
		3EF40021194CF33700B163B6 /* Cocoa.framework */ = {isa = PBXFileReference; lastKnownFileType = wrapper.framework; name = Cocoa.framework; path = Library/Frameworks/Cocoa.framework; sourceTree = DEVELOPER_DIR; };
		3EF40024194CF33800B163B6 /* Foundation.framework */ = {isa = PBXFileReference; lastKnownFileType = wrapper.framework; name = Foundation.framework; path = Library/Frameworks/Foundation.framework; sourceTree = SDKROOT; };
		3EF40025194CF33800B163B6 /* CoreData.framework */ = {isa = PBXFileReference; lastKnownFileType = wrapper.framework; name = CoreData.framework; path = Library/Frameworks/CoreData.framework; sourceTree = SDKROOT; };
		3EF40026194CF33800B163B6 /* AppKit.framework */ = {isa = PBXFileReference; lastKnownFileType = wrapper.framework; name = AppKit.framework; path = Library/Frameworks/AppKit.framework; sourceTree = SDKROOT; };
		3EF40035194CF33800B163B6 /* ReactiveNetworking Mac Tests.xctest */ = {isa = PBXFileReference; explicitFileType = wrapper.cfbundle; includeInIndex = 0; path = "ReactiveNetworking Mac Tests.xctest"; sourceTree = BUILT_PRODUCTS_DIR; };
		3EF4FFAF194C271A00B163B6 /* libReactiveNetworking iOS.a */ = {isa = PBXFileReference; explicitFileType = archive.ar; includeInIndex = 0; path = "libReactiveNetworking iOS.a"; sourceTree = BUILT_PRODUCTS_DIR; };
		3EF4FFB2194C271A00B163B6 /* Foundation.framework */ = {isa = PBXFileReference; lastKnownFileType = wrapper.framework; name = Foundation.framework; path = System/Library/Frameworks/Foundation.framework; sourceTree = SDKROOT; };
		3EF4FFB6194C271A00B163B6 /* ReactiveNetworking-Prefix.pch */ = {isa = PBXFileReference; lastKnownFileType = sourcecode.c.h; path = "ReactiveNetworking-Prefix.pch"; sourceTree = "<group>"; };
		3EF4FFB7194C271A00B163B6 /* ReactiveNetworking.h */ = {isa = PBXFileReference; lastKnownFileType = sourcecode.c.h; path = ReactiveNetworking.h; sourceTree = "<group>"; };
		3EF4FFBF194C271A00B163B6 /* ReactiveNetworking iOS Tests.xctest */ = {isa = PBXFileReference; explicitFileType = wrapper.cfbundle; includeInIndex = 0; path = "ReactiveNetworking iOS Tests.xctest"; sourceTree = BUILT_PRODUCTS_DIR; };
		3EF4FFC0194C271A00B163B6 /* XCTest.framework */ = {isa = PBXFileReference; lastKnownFileType = wrapper.framework; name = XCTest.framework; path = Library/Frameworks/XCTest.framework; sourceTree = DEVELOPER_DIR; };
		3EF4FFC3194C271A00B163B6 /* UIKit.framework */ = {isa = PBXFileReference; lastKnownFileType = wrapper.framework; name = UIKit.framework; path = Library/Frameworks/UIKit.framework; sourceTree = DEVELOPER_DIR; };
		3EF4FFCA194C271A00B163B6 /* ReactiveNetworkingTests-Info.plist */ = {isa = PBXFileReference; lastKnownFileType = text.plist.xml; path = "ReactiveNetworkingTests-Info.plist"; sourceTree = "<group>"; };
		3EF4FFCC194C271A00B163B6 /* en */ = {isa = PBXFileReference; lastKnownFileType = text.plist.strings; name = en; path = en.lproj/InfoPlist.strings; sourceTree = "<group>"; };
		3EF4FFD9194C2E8600B163B6 /* RNBaseClient.h */ = {isa = PBXFileReference; lastKnownFileType = sourcecode.c.h; path = RNBaseClient.h; sourceTree = "<group>"; };
		3EF4FFDA194C2E8600B163B6 /* RNBaseClient.m */ = {isa = PBXFileReference; lastKnownFileType = sourcecode.c.objc; path = RNBaseClient.m; sourceTree = "<group>"; };
		3EF4FFDF194C3E0600B163B6 /* RNResponse.h */ = {isa = PBXFileReference; lastKnownFileType = sourcecode.c.h; path = RNResponse.h; sourceTree = "<group>"; };
		3EF4FFE0194C3E0600B163B6 /* RNResponse.m */ = {isa = PBXFileReference; lastKnownFileType = sourcecode.c.objc; path = RNResponse.m; sourceTree = "<group>"; };
		594F044FA91F41DC9C2B6824 /* libPods-osx.a */ = {isa = PBXFileReference; explicitFileType = archive.ar; includeInIndex = 0; path = "libPods-osx.a"; sourceTree = BUILT_PRODUCTS_DIR; };
		5F819F88664E4790AA21A67E /* libPods-ReactiveNetworking Mac.a */ = {isa = PBXFileReference; explicitFileType = archive.ar; includeInIndex = 0; path = "libPods-ReactiveNetworking Mac.a"; sourceTree = BUILT_PRODUCTS_DIR; };
		674ECD6E195D4CA300451D1F /* libPods-ReactiveNetworking iOS-OHHTTPStubs.a */ = {isa = PBXFileReference; lastKnownFileType = archive.ar; name = "libPods-ReactiveNetworking iOS-OHHTTPStubs.a"; path = "Pods/build/Debug-iphoneos/libPods-ReactiveNetworking iOS-OHHTTPStubs.a"; sourceTree = "<group>"; };
		6769DE431956FFC1003A7A45 /* RNReadmeSpec.m */ = {isa = PBXFileReference; fileEncoding = 4; lastKnownFileType = sourcecode.c.objc; path = RNReadmeSpec.m; sourceTree = "<group>"; };
		6769DE4619570283003A7A45 /* readme.json */ = {isa = PBXFileReference; fileEncoding = 4; lastKnownFileType = text.json; path = readme.json; sourceTree = "<group>"; };
		6772202D195D4924009A0C95 /* libPods-ios.a */ = {isa = PBXFileReference; lastKnownFileType = archive.ar; name = "libPods-ios.a"; path = "Pods/build/Debug-iphoneos/libPods-ios.a"; sourceTree = "<group>"; };
		6772202F195D492C009A0C95 /* libPods-osx.a */ = {isa = PBXFileReference; lastKnownFileType = archive.ar; name = "libPods-osx.a"; path = "Pods/build/Debug/libPods-osx.a"; sourceTree = "<group>"; };
		6772EDB5195770A6002300D7 /* error.json */ = {isa = PBXFileReference; fileEncoding = 4; lastKnownFileType = text.json; path = error.json; sourceTree = "<group>"; };
		6772EDB91957743B002300D7 /* TestClient.h */ = {isa = PBXFileReference; fileEncoding = 4; lastKnownFileType = sourcecode.c.h; path = TestClient.h; sourceTree = "<group>"; };
		6772EDBA1957743B002300D7 /* TestClient.m */ = {isa = PBXFileReference; fileEncoding = 4; lastKnownFileType = sourcecode.c.objc; path = TestClient.m; sourceTree = "<group>"; };
		6772EDBD19577458002300D7 /* TestResponse.h */ = {isa = PBXFileReference; fileEncoding = 4; lastKnownFileType = sourcecode.c.h; path = TestResponse.h; sourceTree = "<group>"; };
		6772EDBE19577458002300D7 /* TestResponse.m */ = {isa = PBXFileReference; fileEncoding = 4; lastKnownFileType = sourcecode.c.objc; path = TestResponse.m; sourceTree = "<group>"; };
		6772EDC1195774EB002300D7 /* ReadmeClient.h */ = {isa = PBXFileReference; fileEncoding = 4; lastKnownFileType = sourcecode.c.h; path = ReadmeClient.h; sourceTree = "<group>"; };
		6772EDC2195774EB002300D7 /* ReadmeClient.m */ = {isa = PBXFileReference; fileEncoding = 4; lastKnownFileType = sourcecode.c.objc; path = ReadmeClient.m; sourceTree = "<group>"; };
		6772EDC519577535002300D7 /* ReadmeUser.h */ = {isa = PBXFileReference; fileEncoding = 4; lastKnownFileType = sourcecode.c.h; path = ReadmeUser.h; sourceTree = "<group>"; };
		6772EDC619577535002300D7 /* ReadmeUser.m */ = {isa = PBXFileReference; fileEncoding = 4; lastKnownFileType = sourcecode.c.objc; path = ReadmeUser.m; sourceTree = "<group>"; };
		677FC4C9195DD1190013EE47 /* TestObject.h */ = {isa = PBXFileReference; fileEncoding = 4; lastKnownFileType = sourcecode.c.h; path = TestObject.h; sourceTree = "<group>"; };
		677FC4CA195DD1190013EE47 /* TestObject.m */ = {isa = PBXFileReference; fileEncoding = 4; lastKnownFileType = sourcecode.c.objc; path = TestObject.m; sourceTree = "<group>"; };
		67B3C4A319605BCC006183C9 /* RACSignal+ReactiveNetworkingAdditions.h */ = {isa = PBXFileReference; fileEncoding = 4; lastKnownFileType = sourcecode.c.h; path = "RACSignal+ReactiveNetworkingAdditions.h"; sourceTree = "<group>"; };
		67B3C4A419605BCC006183C9 /* RACSignal+ReactiveNetworkingAdditions.m */ = {isa = PBXFileReference; fileEncoding = 4; lastKnownFileType = sourcecode.c.objc; path = "RACSignal+ReactiveNetworkingAdditions.m"; sourceTree = "<group>"; };
		7EA7518256864F39BBD587CF /* Pods-ReactiveNetworking iOS.xcconfig */ = {isa = PBXFileReference; includeInIndex = 1; lastKnownFileType = text.xcconfig; name = "Pods-ReactiveNetworking iOS.xcconfig"; path = "Pods/Pods-ReactiveNetworking iOS.xcconfig"; sourceTree = "<group>"; };
		92C618DDB7164A3DAB345F4D /* libPods.a */ = {isa = PBXFileReference; explicitFileType = archive.ar; includeInIndex = 0; path = libPods.a; sourceTree = BUILT_PRODUCTS_DIR; };
		B271199868F64CED845D6070 /* Pods-ReactiveNetworking Mac.xcconfig */ = {isa = PBXFileReference; includeInIndex = 1; lastKnownFileType = text.xcconfig; name = "Pods-ReactiveNetworking Mac.xcconfig"; path = "Pods/Pods-ReactiveNetworking Mac.xcconfig"; sourceTree = "<group>"; };
		BC299B3EAB7A4C03BB0F7BC3 /* libPods-ios.a */ = {isa = PBXFileReference; explicitFileType = archive.ar; includeInIndex = 0; path = "libPods-ios.a"; sourceTree = BUILT_PRODUCTS_DIR; };
		FEA9828397B94578A925BA1E /* libPods-ReactiveNetworking iOS.a */ = {isa = PBXFileReference; explicitFileType = archive.ar; includeInIndex = 0; path = "libPods-ReactiveNetworking iOS.a"; sourceTree = BUILT_PRODUCTS_DIR; };
/* End PBXFileReference section */

/* Begin PBXFrameworksBuildPhase section */
		3EF4001C194CF33700B163B6 /* Frameworks */ = {
			isa = PBXFrameworksBuildPhase;
			buildActionMask = 2147483647;
			files = (
				3EF40022194CF33700B163B6 /* Cocoa.framework in Frameworks */,
				2763E9F1BD9D405582864244 /* libPods-ReactiveNetworking Mac.a in Frameworks */,
			);
			runOnlyForDeploymentPostprocessing = 0;
		};
		3EF40032194CF33800B163B6 /* Frameworks */ = {
			isa = PBXFrameworksBuildPhase;
			buildActionMask = 2147483647;
			files = (
				3EF40037194CF33800B163B6 /* Cocoa.framework in Frameworks */,
				3EF40036194CF33800B163B6 /* XCTest.framework in Frameworks */,
				6725540B195D518E0055DDC1 /* ReactiveNetworking Mac.framework in Frameworks */,
			);
			runOnlyForDeploymentPostprocessing = 0;
		};
		3EF4FFAC194C271A00B163B6 /* Frameworks */ = {
			isa = PBXFrameworksBuildPhase;
			buildActionMask = 2147483647;
			files = (
				3EF4FFB3194C271A00B163B6 /* Foundation.framework in Frameworks */,
				E9460F68AD1E49CEA3C72FAB /* libPods-ReactiveNetworking iOS.a in Frameworks */,
			);
			runOnlyForDeploymentPostprocessing = 0;
		};
		3EF4FFBC194C271A00B163B6 /* Frameworks */ = {
			isa = PBXFrameworksBuildPhase;
			buildActionMask = 2147483647;
			files = (
				3EF4FFC2194C271A00B163B6 /* Foundation.framework in Frameworks */,
				3EF4FFC4194C271A00B163B6 /* UIKit.framework in Frameworks */,
				3EF4FFC1194C271A00B163B6 /* XCTest.framework in Frameworks */,
				6725540C195D51960055DDC1 /* libReactiveNetworking iOS.a in Frameworks */,
			);
			runOnlyForDeploymentPostprocessing = 0;
		};
/* End PBXFrameworksBuildPhase section */

/* Begin PBXGroup section */
		3EC1A5A7194CFDD700D042AB /* Specs */ = {
			isa = PBXGroup;
			children = (
				3EC1A5A2194CFD2700D042AB /* RNClientSpec.m */,
				3E565AF51958A3BE0075EAF5 /* RNParserSpec.m */,
				6769DE431956FFC1003A7A45 /* RNReadmeSpec.m */,
			);
			name = Specs;
			sourceTree = "<group>";
		};
		3EC1A5A8194DCBE300D042AB /* Stubs */ = {
			isa = PBXGroup;
			children = (
				6772EDB5195770A6002300D7 /* error.json */,
				3EE6E474194F8EC900957903 /* keypaths.json */,
				3EC1A5A9194DCBF900D042AB /* object.json */,
				6769DE4619570283003A7A45 /* readme.json */,
			);
			name = Stubs;
			sourceTree = "<group>";
		};
		3EF40023194CF33800B163B6 /* Other Frameworks */ = {
			isa = PBXGroup;
			children = (
				3EF40024194CF33800B163B6 /* Foundation.framework */,
				3EF40025194CF33800B163B6 /* CoreData.framework */,
				3EF40026194CF33800B163B6 /* AppKit.framework */,
			);
			name = "Other Frameworks";
			sourceTree = "<group>";
		};
		3EF4FFA6194C271A00B163B6 = {
			isa = PBXGroup;
			children = (
				3EF4FFB4194C271A00B163B6 /* ReactiveNetworking */,
				3EF4FFC8194C271A00B163B6 /* ReactiveNetworkingTests */,
				3EF4FFB1194C271A00B163B6 /* Frameworks */,
				3EF4FFB0194C271A00B163B6 /* Products */,
				B271199868F64CED845D6070 /* Pods-ReactiveNetworking Mac.xcconfig */,
				7EA7518256864F39BBD587CF /* Pods-ReactiveNetworking iOS.xcconfig */,
			);
			sourceTree = "<group>";
		};
		3EF4FFB0194C271A00B163B6 /* Products */ = {
			isa = PBXGroup;
			children = (
				3EF4FFAF194C271A00B163B6 /* libReactiveNetworking iOS.a */,
				3EF4FFBF194C271A00B163B6 /* ReactiveNetworking iOS Tests.xctest */,
				3EF40020194CF33700B163B6 /* ReactiveNetworking Mac.framework */,
				3EF40035194CF33800B163B6 /* ReactiveNetworking Mac Tests.xctest */,
			);
			name = Products;
			sourceTree = "<group>";
		};
		3EF4FFB1194C271A00B163B6 /* Frameworks */ = {
			isa = PBXGroup;
			children = (
				674ECD6E195D4CA300451D1F /* libPods-ReactiveNetworking iOS-OHHTTPStubs.a */,
				6772202F195D492C009A0C95 /* libPods-osx.a */,
				6772202D195D4924009A0C95 /* libPods-ios.a */,
				3EF4FFB2194C271A00B163B6 /* Foundation.framework */,
				3EF4FFC0194C271A00B163B6 /* XCTest.framework */,
				3EF4FFC3194C271A00B163B6 /* UIKit.framework */,
				92C618DDB7164A3DAB345F4D /* libPods.a */,
				3EF40021194CF33700B163B6 /* Cocoa.framework */,
				3EF40023194CF33800B163B6 /* Other Frameworks */,
				BC299B3EAB7A4C03BB0F7BC3 /* libPods-ios.a */,
				594F044FA91F41DC9C2B6824 /* libPods-osx.a */,
				5F819F88664E4790AA21A67E /* libPods-ReactiveNetworking Mac.a */,
				FEA9828397B94578A925BA1E /* libPods-ReactiveNetworking iOS.a */,
			);
			name = Frameworks;
			sourceTree = "<group>";
		};
		3EF4FFB4194C271A00B163B6 /* ReactiveNetworking */ = {
			isa = PBXGroup;
			children = (
				3EF4FFDB194C3C8A00B163B6 /* Base Models */,
				67B3C4A219605BA9006183C9 /* Categories */,
				3EF4FFD8194C2E6900B163B6 /* Classes */,
				3EF4FFB7194C271A00B163B6 /* ReactiveNetworking.h */,
				3EF4FFB5194C271A00B163B6 /* Supporting Files */,
			);
			path = ReactiveNetworking;
			sourceTree = "<group>";
		};
		3EF4FFB5194C271A00B163B6 /* Supporting Files */ = {
			isa = PBXGroup;
			children = (
				3EF4FFB6194C271A00B163B6 /* ReactiveNetworking-Prefix.pch */,
			);
			name = "Supporting Files";
			sourceTree = "<group>";
		};
		3EF4FFC8194C271A00B163B6 /* ReactiveNetworkingTests */ = {
			isa = PBXGroup;
			children = (
				6772EDB81957741E002300D7 /* Subclasses */,
				3EC1A5A7194CFDD700D042AB /* Specs */,
				3EF4FFC9194C271A00B163B6 /* Supporting Files */,
			);
			path = ReactiveNetworkingTests;
			sourceTree = "<group>";
		};
		3EF4FFC9194C271A00B163B6 /* Supporting Files */ = {
			isa = PBXGroup;
			children = (
				3EC1A5A8194DCBE300D042AB /* Stubs */,
				3EF4FFCB194C271A00B163B6 /* InfoPlist.strings */,
				3EF4FFCA194C271A00B163B6 /* ReactiveNetworkingTests-Info.plist */,
				3EC1A5A5194CFD7E00D042AB /* ReactiveNetworkingTests-Prefix.pch */,
			);
			name = "Supporting Files";
			sourceTree = "<group>";
		};
		3EF4FFD8194C2E6900B163B6 /* Classes */ = {
			isa = PBXGroup;
			children = (
				3EF4FFD9194C2E8600B163B6 /* RNBaseClient.h */,
				3EF4FFDA194C2E8600B163B6 /* RNBaseClient.m */,
				3E78663219589ABE00DB470C /* RNClient.h */,
				3E78663319589ABE00DB470C /* RNClient.m */,
				3E86AEFF1958A14B006DDAFA /* RNParser.h */,
				3E86AF001958A14B006DDAFA /* RNParser.m */,
			);
			name = Classes;
			sourceTree = "<group>";
		};
		3EF4FFDB194C3C8A00B163B6 /* Base Models */ = {
			isa = PBXGroup;
			children = (
				3EF4FFDF194C3E0600B163B6 /* RNResponse.h */,
				3EF4FFE0194C3E0600B163B6 /* RNResponse.m */,
			);
			name = "Base Models";
			sourceTree = "<group>";
		};
		6772EDB81957741E002300D7 /* Subclasses */ = {
			isa = PBXGroup;
			children = (
				6772EDC1195774EB002300D7 /* ReadmeClient.h */,
				6772EDC2195774EB002300D7 /* ReadmeClient.m */,
				6772EDC519577535002300D7 /* ReadmeUser.h */,
				6772EDC619577535002300D7 /* ReadmeUser.m */,
				6772EDB91957743B002300D7 /* TestClient.h */,
				6772EDBA1957743B002300D7 /* TestClient.m */,
				677FC4C9195DD1190013EE47 /* TestObject.h */,
				677FC4CA195DD1190013EE47 /* TestObject.m */,
				6772EDBD19577458002300D7 /* TestResponse.h */,
				6772EDBE19577458002300D7 /* TestResponse.m */,
			);
			name = Subclasses;
			sourceTree = "<group>";
		};
		67B3C4A219605BA9006183C9 /* Categories */ = {
			isa = PBXGroup;
			children = (
				67B3C4A319605BCC006183C9 /* RACSignal+ReactiveNetworkingAdditions.h */,
				67B3C4A419605BCC006183C9 /* RACSignal+ReactiveNetworkingAdditions.m */,
			);
			name = Categories;
			sourceTree = "<group>";
		};
/* End PBXGroup section */

/* Begin PBXHeadersBuildPhase section */
		3EF4001D194CF33700B163B6 /* Headers */ = {
			isa = PBXHeadersBuildPhase;
			buildActionMask = 2147483647;
			files = (
				67B3C4A519605BCC006183C9 /* RACSignal+ReactiveNetworkingAdditions.h in Headers */,
			);
			runOnlyForDeploymentPostprocessing = 0;
		};
/* End PBXHeadersBuildPhase section */

/* Begin PBXNativeTarget section */
		3EF4001F194CF33700B163B6 /* ReactiveNetworking Mac */ = {
			isa = PBXNativeTarget;
			buildConfigurationList = 3EF40043194CF33800B163B6 /* Build configuration list for PBXNativeTarget "ReactiveNetworking Mac" */;
			buildPhases = (
				5D673DA0EC7E4331A1BC99B6 /* Check Pods Manifest.lock */,
				3EF4001B194CF33700B163B6 /* Sources */,
				3EF4001C194CF33700B163B6 /* Frameworks */,
				3EF4001D194CF33700B163B6 /* Headers */,
				3EF4001E194CF33700B163B6 /* Resources */,
				0FE6A644E8014E9CAFA45EA0 /* Copy Pods Resources */,
			);
			buildRules = (
			);
			dependencies = (
			);
			name = "ReactiveNetworking Mac";
			productName = "ReactiveNetworking Mac";
			productReference = 3EF40020194CF33700B163B6 /* ReactiveNetworking Mac.framework */;
			productType = "com.apple.product-type.framework";
		};
		3EF40034194CF33800B163B6 /* ReactiveNetworking Mac Tests */ = {
			isa = PBXNativeTarget;
			buildConfigurationList = 3EF40046194CF33800B163B6 /* Build configuration list for PBXNativeTarget "ReactiveNetworking Mac Tests" */;
			buildPhases = (
				5C0A548CCB9F412BAB226706 /* Check Pods Manifest.lock */,
				3EF40031194CF33800B163B6 /* Sources */,
				3EF40032194CF33800B163B6 /* Frameworks */,
				3EF40033194CF33800B163B6 /* Resources */,
				1CBC8B117B6848E4935B4247 /* Copy Pods Resources */,
			);
			buildRules = (
			);
			dependencies = (
				3EF40039194CF33800B163B6 /* PBXTargetDependency */,
			);
			name = "ReactiveNetworking Mac Tests";
			productName = "ReactiveNetworking MacTests";
			productReference = 3EF40035194CF33800B163B6 /* ReactiveNetworking Mac Tests.xctest */;
			productType = "com.apple.product-type.bundle.unit-test";
		};
		3EF4FFAE194C271A00B163B6 /* ReactiveNetworking iOS */ = {
			isa = PBXNativeTarget;
			buildConfigurationList = 3EF4FFD2194C271A00B163B6 /* Build configuration list for PBXNativeTarget "ReactiveNetworking iOS" */;
			buildPhases = (
				332470F46F1C4441BBC9543A /* Check Pods Manifest.lock */,
				3EF4FFAB194C271A00B163B6 /* Sources */,
				3EF4FFAC194C271A00B163B6 /* Frameworks */,
				3EF4FFAD194C271A00B163B6 /* CopyFiles */,
				EABFAE4CB7C6426AA5B6197D /* Copy Pods Resources */,
			);
			buildRules = (
			);
			dependencies = (
			);
			name = "ReactiveNetworking iOS";
			productName = ReactiveNetworking;
			productReference = 3EF4FFAF194C271A00B163B6 /* libReactiveNetworking iOS.a */;
			productType = "com.apple.product-type.library.static";
		};
		3EF4FFBE194C271A00B163B6 /* ReactiveNetworking iOS Tests */ = {
			isa = PBXNativeTarget;
			buildConfigurationList = 3EF4FFD5194C271A00B163B6 /* Build configuration list for PBXNativeTarget "ReactiveNetworking iOS Tests" */;
			buildPhases = (
				3E1ACA67C9044DE69FEEFB3F /* Check Pods Manifest.lock */,
				3EF4FFBB194C271A00B163B6 /* Sources */,
				3EF4FFBC194C271A00B163B6 /* Frameworks */,
				3EF4FFBD194C271A00B163B6 /* Resources */,
				C7D94C367D75495BB6137BFF /* Copy Pods Resources */,
			);
			buildRules = (
			);
			dependencies = (
				3EF4FFC6194C271A00B163B6 /* PBXTargetDependency */,
			);
			name = "ReactiveNetworking iOS Tests";
			productName = ReactiveNetworkingTests;
			productReference = 3EF4FFBF194C271A00B163B6 /* ReactiveNetworking iOS Tests.xctest */;
			productType = "com.apple.product-type.bundle.unit-test";
		};
/* End PBXNativeTarget section */

/* Begin PBXProject section */
		3EF4FFA7194C271A00B163B6 /* Project object */ = {
			isa = PBXProject;
			attributes = {
				LastUpgradeCheck = 0510;
				ORGANIZATIONNAME = "Johannes Plunien";
				TargetAttributes = {
					3EF40034194CF33800B163B6 = {
						TestTargetID = 3EF4001F194CF33700B163B6;
					};
				};
			};
			buildConfigurationList = 3EF4FFAA194C271A00B163B6 /* Build configuration list for PBXProject "ReactiveNetworking" */;
			compatibilityVersion = "Xcode 3.2";
			developmentRegion = English;
			hasScannedForEncodings = 0;
			knownRegions = (
				en,
			);
			mainGroup = 3EF4FFA6194C271A00B163B6;
			productRefGroup = 3EF4FFB0194C271A00B163B6 /* Products */;
			projectDirPath = "";
			projectRoot = "";
			targets = (
				3EF4FFAE194C271A00B163B6 /* ReactiveNetworking iOS */,
				3EF4FFBE194C271A00B163B6 /* ReactiveNetworking iOS Tests */,
				3EF4001F194CF33700B163B6 /* ReactiveNetworking Mac */,
				3EF40034194CF33800B163B6 /* ReactiveNetworking Mac Tests */,
			);
		};
/* End PBXProject section */

/* Begin PBXResourcesBuildPhase section */
		3EF4001E194CF33700B163B6 /* Resources */ = {
			isa = PBXResourcesBuildPhase;
			buildActionMask = 2147483647;
			files = (
			);
			runOnlyForDeploymentPostprocessing = 0;
		};
		3EF40033194CF33800B163B6 /* Resources */ = {
			isa = PBXResourcesBuildPhase;
			buildActionMask = 2147483647;
			files = (
				6772EDB7195770A6002300D7 /* error.json in Resources */,
				3EE6E475194F8F4000957903 /* keypaths.json in Resources */,
				6769DE4819570283003A7A45 /* readme.json in Resources */,
				3EC1A5AB194DCBF900D042AB /* object.json in Resources */,
			);
			runOnlyForDeploymentPostprocessing = 0;
		};
		3EF4FFBD194C271A00B163B6 /* Resources */ = {
			isa = PBXResourcesBuildPhase;
			buildActionMask = 2147483647;
			files = (
				6772EDB6195770A6002300D7 /* error.json in Resources */,
				6769DE111956F5BE003A7A45 /* keypaths.json in Resources */,
				6769DE4719570283003A7A45 /* readme.json in Resources */,
				3EF4FFCD194C271A00B163B6 /* InfoPlist.strings in Resources */,
				3EC1A5AA194DCBF900D042AB /* object.json in Resources */,
			);
			runOnlyForDeploymentPostprocessing = 0;
		};
/* End PBXResourcesBuildPhase section */

/* Begin PBXShellScriptBuildPhase section */
		0FE6A644E8014E9CAFA45EA0 /* Copy Pods Resources */ = {
			isa = PBXShellScriptBuildPhase;
			buildActionMask = 2147483647;
			files = (
			);
			inputPaths = (
			);
			name = "Copy Pods Resources";
			outputPaths = (
			);
			runOnlyForDeploymentPostprocessing = 0;
			shellPath = /bin/sh;
			shellScript = "\"${SRCROOT}/Pods/Pods-ReactiveNetworking Mac-resources.sh\"\n";
			showEnvVarsInLog = 0;
		};
		1CBC8B117B6848E4935B4247 /* Copy Pods Resources */ = {
			isa = PBXShellScriptBuildPhase;
			buildActionMask = 2147483647;
			files = (
			);
			inputPaths = (
			);
			name = "Copy Pods Resources";
			outputPaths = (
			);
			runOnlyForDeploymentPostprocessing = 0;
			shellPath = /bin/sh;
			shellScript = "\"${SRCROOT}/Pods/Pods-ReactiveNetworking Mac-resources.sh\"\n";
			showEnvVarsInLog = 0;
		};
		332470F46F1C4441BBC9543A /* Check Pods Manifest.lock */ = {
			isa = PBXShellScriptBuildPhase;
			buildActionMask = 2147483647;
			files = (
			);
			inputPaths = (
			);
			name = "Check Pods Manifest.lock";
			outputPaths = (
			);
			runOnlyForDeploymentPostprocessing = 0;
			shellPath = /bin/sh;
			shellScript = "diff \"${PODS_ROOT}/../Podfile.lock\" \"${PODS_ROOT}/Manifest.lock\" > /dev/null\nif [[ $? != 0 ]] ; then\n    cat << EOM\nerror: The sandbox is not in sync with the Podfile.lock. Run 'pod install' or update your CocoaPods installation.\nEOM\n    exit 1\nfi\n";
			showEnvVarsInLog = 0;
		};
		3E1ACA67C9044DE69FEEFB3F /* Check Pods Manifest.lock */ = {
			isa = PBXShellScriptBuildPhase;
			buildActionMask = 2147483647;
			files = (
			);
			inputPaths = (
			);
			name = "Check Pods Manifest.lock";
			outputPaths = (
			);
			runOnlyForDeploymentPostprocessing = 0;
			shellPath = /bin/sh;
			shellScript = "diff \"${PODS_ROOT}/../Podfile.lock\" \"${PODS_ROOT}/Manifest.lock\" > /dev/null\nif [[ $? != 0 ]] ; then\n    cat << EOM\nerror: The sandbox is not in sync with the Podfile.lock. Run 'pod install' or update your CocoaPods installation.\nEOM\n    exit 1\nfi\n";
			showEnvVarsInLog = 0;
		};
		5C0A548CCB9F412BAB226706 /* Check Pods Manifest.lock */ = {
			isa = PBXShellScriptBuildPhase;
			buildActionMask = 2147483647;
			files = (
			);
			inputPaths = (
			);
			name = "Check Pods Manifest.lock";
			outputPaths = (
			);
			runOnlyForDeploymentPostprocessing = 0;
			shellPath = /bin/sh;
			shellScript = "diff \"${PODS_ROOT}/../Podfile.lock\" \"${PODS_ROOT}/Manifest.lock\" > /dev/null\nif [[ $? != 0 ]] ; then\n    cat << EOM\nerror: The sandbox is not in sync with the Podfile.lock. Run 'pod install' or update your CocoaPods installation.\nEOM\n    exit 1\nfi\n";
			showEnvVarsInLog = 0;
		};
		5D673DA0EC7E4331A1BC99B6 /* Check Pods Manifest.lock */ = {
			isa = PBXShellScriptBuildPhase;
			buildActionMask = 2147483647;
			files = (
			);
			inputPaths = (
			);
			name = "Check Pods Manifest.lock";
			outputPaths = (
			);
			runOnlyForDeploymentPostprocessing = 0;
			shellPath = /bin/sh;
			shellScript = "diff \"${PODS_ROOT}/../Podfile.lock\" \"${PODS_ROOT}/Manifest.lock\" > /dev/null\nif [[ $? != 0 ]] ; then\n    cat << EOM\nerror: The sandbox is not in sync with the Podfile.lock. Run 'pod install' or update your CocoaPods installation.\nEOM\n    exit 1\nfi\n";
			showEnvVarsInLog = 0;
		};
		C7D94C367D75495BB6137BFF /* Copy Pods Resources */ = {
			isa = PBXShellScriptBuildPhase;
			buildActionMask = 2147483647;
			files = (
			);
			inputPaths = (
			);
			name = "Copy Pods Resources";
			outputPaths = (
			);
			runOnlyForDeploymentPostprocessing = 0;
			shellPath = /bin/sh;
			shellScript = "\"${SRCROOT}/Pods/Pods-ReactiveNetworking iOS-resources.sh\"\n";
			showEnvVarsInLog = 0;
		};
		EABFAE4CB7C6426AA5B6197D /* Copy Pods Resources */ = {
			isa = PBXShellScriptBuildPhase;
			buildActionMask = 2147483647;
			files = (
			);
			inputPaths = (
			);
			name = "Copy Pods Resources";
			outputPaths = (
			);
			runOnlyForDeploymentPostprocessing = 0;
			shellPath = /bin/sh;
			shellScript = "\"${SRCROOT}/Pods/Pods-ReactiveNetworking iOS-resources.sh\"\n";
			showEnvVarsInLog = 0;
		};
/* End PBXShellScriptBuildPhase section */

/* Begin PBXSourcesBuildPhase section */
		3EF4001B194CF33700B163B6 /* Sources */ = {
			isa = PBXSourcesBuildPhase;
			buildActionMask = 2147483647;
			files = (
				6772202A195D4909009A0C95 /* RNClient.m in Sources */,
				67B3C4A719605BCC006183C9 /* RACSignal+ReactiveNetworkingAdditions.m in Sources */,
				6772202C195D490C009A0C95 /* RNParser.m in Sources */,
				67722028195D4906009A0C95 /* RNBaseClient.m in Sources */,
				67722026195D4902009A0C95 /* RNResponse.m in Sources */,
			);
			runOnlyForDeploymentPostprocessing = 0;
		};
		3EF40031194CF33800B163B6 /* Sources */ = {
			isa = PBXSourcesBuildPhase;
			buildActionMask = 2147483647;
			files = (
				6772EDC819577535002300D7 /* ReadmeUser.m in Sources */,
				6772EDC4195774EB002300D7 /* ReadmeClient.m in Sources */,
				6772EDC019577458002300D7 /* TestResponse.m in Sources */,
				6772EDBC1957743B002300D7 /* TestClient.m in Sources */,
				677FC4CC195DD1190013EE47 /* TestObject.m in Sources */,
				3E565AF71958A3BE0075EAF5 /* RNParserSpec.m in Sources */,
				6769DE451956FFC1003A7A45 /* RNReadmeSpec.m in Sources */,
				3EC1A5A4194CFD2700D042AB /* RNClientSpec.m in Sources */,
			);
			runOnlyForDeploymentPostprocessing = 0;
		};
		3EF4FFAB194C271A00B163B6 /* Sources */ = {
			isa = PBXSourcesBuildPhase;
			buildActionMask = 2147483647;
			files = (
				67722029195D4908009A0C95 /* RNClient.m in Sources */,
				67B3C4A619605BCC006183C9 /* RACSignal+ReactiveNetworkingAdditions.m in Sources */,
				6772202B195D490B009A0C95 /* RNParser.m in Sources */,
				67722027195D4905009A0C95 /* RNBaseClient.m in Sources */,
				67722025195D4902009A0C95 /* RNResponse.m in Sources */,
			);
			runOnlyForDeploymentPostprocessing = 0;
		};
		3EF4FFBB194C271A00B163B6 /* Sources */ = {
			isa = PBXSourcesBuildPhase;
			buildActionMask = 2147483647;
			files = (
				6772EDC719577535002300D7 /* ReadmeUser.m in Sources */,
				6772EDC3195774EB002300D7 /* ReadmeClient.m in Sources */,
				6772EDBF19577458002300D7 /* TestResponse.m in Sources */,
				6772EDBB1957743B002300D7 /* TestClient.m in Sources */,
				677FC4CB195DD1190013EE47 /* TestObject.m in Sources */,
				3E565AF61958A3BE0075EAF5 /* RNParserSpec.m in Sources */,
				6769DE441956FFC1003A7A45 /* RNReadmeSpec.m in Sources */,
				3EC1A5A3194CFD2700D042AB /* RNClientSpec.m in Sources */,
			);
			runOnlyForDeploymentPostprocessing = 0;
		};
/* End PBXSourcesBuildPhase section */

/* Begin PBXTargetDependency section */
		3EF40039194CF33800B163B6 /* PBXTargetDependency */ = {
			isa = PBXTargetDependency;
			target = 3EF4001F194CF33700B163B6 /* ReactiveNetworking Mac */;
			targetProxy = 3EF40038194CF33800B163B6 /* PBXContainerItemProxy */;
		};
		3EF4FFC6194C271A00B163B6 /* PBXTargetDependency */ = {
			isa = PBXTargetDependency;
			target = 3EF4FFAE194C271A00B163B6 /* ReactiveNetworking iOS */;
			targetProxy = 3EF4FFC5194C271A00B163B6 /* PBXContainerItemProxy */;
		};
/* End PBXTargetDependency section */

/* Begin PBXVariantGroup section */
		3EF4FFCB194C271A00B163B6 /* InfoPlist.strings */ = {
			isa = PBXVariantGroup;
			children = (
				3EF4FFCC194C271A00B163B6 /* en */,
			);
			name = InfoPlist.strings;
			sourceTree = "<group>";
		};
/* End PBXVariantGroup section */

/* Begin XCBuildConfiguration section */
		3EF40044194CF33800B163B6 /* Debug */ = {
			isa = XCBuildConfiguration;
			baseConfigurationReference = B271199868F64CED845D6070 /* Pods-ReactiveNetworking Mac.xcconfig */;
			buildSettings = {
				COMBINE_HIDPI_IMAGES = YES;
				DYLIB_COMPATIBILITY_VERSION = 1;
				DYLIB_CURRENT_VERSION = 1;
				FRAMEWORK_SEARCH_PATHS = (
					"$(inherited)",
					"$(DEVELOPER_FRAMEWORKS_DIR)",
				);
				FRAMEWORK_VERSION = A;
				GCC_ENABLE_OBJC_EXCEPTIONS = YES;
				GCC_PRECOMPILE_PREFIX_HEADER = YES;
				GCC_PREFIX_HEADER = "ReactiveNetworking/ReactiveNetworking-Prefix.pch";
				GCC_PREPROCESSOR_DEFINITIONS = (
					"DEBUG=1",
					"$(inherited)",
				);
				MACOSX_DEPLOYMENT_TARGET = 10.9;
				PRODUCT_NAME = "$(TARGET_NAME)";
				SDKROOT = macosx;
				WRAPPER_EXTENSION = framework;
			};
			name = Debug;
		};
		3EF40045194CF33800B163B6 /* Release */ = {
			isa = XCBuildConfiguration;
			baseConfigurationReference = B271199868F64CED845D6070 /* Pods-ReactiveNetworking Mac.xcconfig */;
			buildSettings = {
				COMBINE_HIDPI_IMAGES = YES;
				DEBUG_INFORMATION_FORMAT = "dwarf-with-dsym";
				DYLIB_COMPATIBILITY_VERSION = 1;
				DYLIB_CURRENT_VERSION = 1;
				FRAMEWORK_SEARCH_PATHS = (
					"$(inherited)",
					"$(DEVELOPER_FRAMEWORKS_DIR)",
				);
				FRAMEWORK_VERSION = A;
				GCC_ENABLE_OBJC_EXCEPTIONS = YES;
				GCC_PRECOMPILE_PREFIX_HEADER = YES;
				GCC_PREFIX_HEADER = "ReactiveNetworking/ReactiveNetworking-Prefix.pch";
				MACOSX_DEPLOYMENT_TARGET = 10.9;
				PRODUCT_NAME = "$(TARGET_NAME)";
				SDKROOT = macosx;
				WRAPPER_EXTENSION = framework;
			};
			name = Release;
		};
		3EF40047194CF33800B163B6 /* Debug */ = {
			isa = XCBuildConfiguration;
			baseConfigurationReference = B271199868F64CED845D6070 /* Pods-ReactiveNetworking Mac.xcconfig */;
			buildSettings = {
				COMBINE_HIDPI_IMAGES = YES;
				FRAMEWORK_SEARCH_PATHS = (
					"$(DEVELOPER_FRAMEWORKS_DIR)",
					"$(inherited)",
				);
				GCC_ENABLE_OBJC_EXCEPTIONS = YES;
				GCC_PRECOMPILE_PREFIX_HEADER = YES;
				GCC_PREFIX_HEADER = "ReactiveNetworkingTests/ReactiveNetworkingTests-Prefix.pch";
				GCC_PREPROCESSOR_DEFINITIONS = (
					"DEBUG=1",
					"$(inherited)",
				);
				MACOSX_DEPLOYMENT_TARGET = 10.9;
				PRODUCT_NAME = "$(TARGET_NAME)";
				SDKROOT = macosx;
				TEST_HOST = "$(BUNDLE_LOADER)";
				WRAPPER_EXTENSION = xctest;
			};
			name = Debug;
		};
		3EF40048194CF33800B163B6 /* Release */ = {
			isa = XCBuildConfiguration;
			baseConfigurationReference = B271199868F64CED845D6070 /* Pods-ReactiveNetworking Mac.xcconfig */;
			buildSettings = {
				COMBINE_HIDPI_IMAGES = YES;
				DEBUG_INFORMATION_FORMAT = "dwarf-with-dsym";
				FRAMEWORK_SEARCH_PATHS = (
					"$(DEVELOPER_FRAMEWORKS_DIR)",
					"$(inherited)",
				);
				GCC_ENABLE_OBJC_EXCEPTIONS = YES;
				GCC_PRECOMPILE_PREFIX_HEADER = YES;
				GCC_PREFIX_HEADER = "ReactiveNetworkingTests/ReactiveNetworkingTests-Prefix.pch";
				MACOSX_DEPLOYMENT_TARGET = 10.9;
				PRODUCT_NAME = "$(TARGET_NAME)";
				SDKROOT = macosx;
				TEST_HOST = "$(BUNDLE_LOADER)";
				WRAPPER_EXTENSION = xctest;
			};
			name = Release;
		};
		3EF4FFD0194C271A00B163B6 /* Debug */ = {
			isa = XCBuildConfiguration;
			buildSettings = {
				ALWAYS_SEARCH_USER_PATHS = NO;
				CLANG_CXX_LANGUAGE_STANDARD = "gnu++0x";
				CLANG_CXX_LIBRARY = "libc++";
				CLANG_ENABLE_MODULES = YES;
				CLANG_ENABLE_OBJC_ARC = YES;
				CLANG_WARN_BOOL_CONVERSION = YES;
				CLANG_WARN_CONSTANT_CONVERSION = YES;
				CLANG_WARN_DIRECT_OBJC_ISA_USAGE = YES_ERROR;
				CLANG_WARN_EMPTY_BODY = YES;
				CLANG_WARN_ENUM_CONVERSION = YES;
				CLANG_WARN_INT_CONVERSION = YES;
				CLANG_WARN_OBJC_ROOT_CLASS = YES_ERROR;
				CLANG_WARN__DUPLICATE_METHOD_MATCH = YES;
				COPY_PHASE_STRIP = NO;
				GCC_C_LANGUAGE_STANDARD = gnu99;
				GCC_DYNAMIC_NO_PIC = NO;
				GCC_OPTIMIZATION_LEVEL = 0;
				GCC_PREPROCESSOR_DEFINITIONS = (
					"DEBUG=1",
					"$(inherited)",
				);
				GCC_SYMBOLS_PRIVATE_EXTERN = NO;
				GCC_WARN_64_TO_32_BIT_CONVERSION = YES;
				GCC_WARN_ABOUT_RETURN_TYPE = YES_ERROR;
				GCC_WARN_UNDECLARED_SELECTOR = YES;
				GCC_WARN_UNINITIALIZED_AUTOS = YES_AGGRESSIVE;
				GCC_WARN_UNUSED_FUNCTION = YES;
				GCC_WARN_UNUSED_VARIABLE = YES;
				IPHONEOS_DEPLOYMENT_TARGET = 6.0;
				MACOSX_DEPLOYMENT_TARGET = 10.8;
				ONLY_ACTIVE_ARCH = YES;
				SDKROOT = iphoneos;
			};
			name = Debug;
		};
		3EF4FFD1194C271A00B163B6 /* Release */ = {
			isa = XCBuildConfiguration;
			buildSettings = {
				ALWAYS_SEARCH_USER_PATHS = NO;
				CLANG_CXX_LANGUAGE_STANDARD = "gnu++0x";
				CLANG_CXX_LIBRARY = "libc++";
				CLANG_ENABLE_MODULES = YES;
				CLANG_ENABLE_OBJC_ARC = YES;
				CLANG_WARN_BOOL_CONVERSION = YES;
				CLANG_WARN_CONSTANT_CONVERSION = YES;
				CLANG_WARN_DIRECT_OBJC_ISA_USAGE = YES_ERROR;
				CLANG_WARN_EMPTY_BODY = YES;
				CLANG_WARN_ENUM_CONVERSION = YES;
				CLANG_WARN_INT_CONVERSION = YES;
				CLANG_WARN_OBJC_ROOT_CLASS = YES_ERROR;
				CLANG_WARN__DUPLICATE_METHOD_MATCH = YES;
				COPY_PHASE_STRIP = YES;
				ENABLE_NS_ASSERTIONS = NO;
				GCC_C_LANGUAGE_STANDARD = gnu99;
				GCC_WARN_64_TO_32_BIT_CONVERSION = YES;
				GCC_WARN_ABOUT_RETURN_TYPE = YES_ERROR;
				GCC_WARN_UNDECLARED_SELECTOR = YES;
				GCC_WARN_UNINITIALIZED_AUTOS = YES_AGGRESSIVE;
				GCC_WARN_UNUSED_FUNCTION = YES;
				GCC_WARN_UNUSED_VARIABLE = YES;
				IPHONEOS_DEPLOYMENT_TARGET = 6.0;
				MACOSX_DEPLOYMENT_TARGET = 10.8;
				SDKROOT = iphoneos;
				VALIDATE_PRODUCT = YES;
			};
			name = Release;
		};
		3EF4FFD3194C271A00B163B6 /* Debug */ = {
			isa = XCBuildConfiguration;
			baseConfigurationReference = 7EA7518256864F39BBD587CF /* Pods-ReactiveNetworking iOS.xcconfig */;
			buildSettings = {
				DSTROOT = "@rpath";
				GCC_PRECOMPILE_PREFIX_HEADER = YES;
				GCC_PREFIX_HEADER = "ReactiveNetworking/ReactiveNetworking-Prefix.pch";
				LIBRARY_SEARCH_PATHS = (
					"$(inherited)",
					"$(PROJECT_DIR)/Pods/build/Debug-iphoneos",
				);
				PRODUCT_NAME = "$(TARGET_NAME)";
				SKIP_INSTALL = YES;
			};
			name = Debug;
		};
		3EF4FFD4194C271A00B163B6 /* Release */ = {
			isa = XCBuildConfiguration;
			baseConfigurationReference = 7EA7518256864F39BBD587CF /* Pods-ReactiveNetworking iOS.xcconfig */;
			buildSettings = {
				DSTROOT = "@rpath";
				GCC_PRECOMPILE_PREFIX_HEADER = YES;
				GCC_PREFIX_HEADER = "ReactiveNetworking/ReactiveNetworking-Prefix.pch";
				LIBRARY_SEARCH_PATHS = (
					"$(inherited)",
					"$(PROJECT_DIR)/Pods/build/Debug-iphoneos",
				);
				PRODUCT_NAME = "$(TARGET_NAME)";
				SKIP_INSTALL = YES;
			};
			name = Release;
		};
		3EF4FFD6194C271A00B163B6 /* Debug */ = {
			isa = XCBuildConfiguration;
			baseConfigurationReference = 7EA7518256864F39BBD587CF /* Pods-ReactiveNetworking iOS.xcconfig */;
			buildSettings = {
				FRAMEWORK_SEARCH_PATHS = (
					"$(SDKROOT)/Developer/Library/Frameworks",
					"$(inherited)",
					"$(DEVELOPER_FRAMEWORKS_DIR)",
				);
				GCC_PRECOMPILE_PREFIX_HEADER = YES;
				GCC_PREFIX_HEADER = "ReactiveNetworkingTests/ReactiveNetworkingTests-Prefix.pch";
				GCC_PREPROCESSOR_DEFINITIONS = (
					"DEBUG=1",
					"$(inherited)",
				);
				INFOPLIST_FILE = "ReactiveNetworkingTests/ReactiveNetworkingTests-Info.plist";
				PRODUCT_NAME = "$(TARGET_NAME)";
				WRAPPER_EXTENSION = xctest;
			};
			name = Debug;
		};
		3EF4FFD7194C271A00B163B6 /* Release */ = {
			isa = XCBuildConfiguration;
			baseConfigurationReference = 7EA7518256864F39BBD587CF /* Pods-ReactiveNetworking iOS.xcconfig */;
			buildSettings = {
				FRAMEWORK_SEARCH_PATHS = (
					"$(SDKROOT)/Developer/Library/Frameworks",
					"$(inherited)",
					"$(DEVELOPER_FRAMEWORKS_DIR)",
				);
				GCC_PRECOMPILE_PREFIX_HEADER = YES;
				GCC_PREFIX_HEADER = "ReactiveNetworkingTests/ReactiveNetworkingTests-Prefix.pch";
				INFOPLIST_FILE = "ReactiveNetworkingTests/ReactiveNetworkingTests-Info.plist";
				PRODUCT_NAME = "$(TARGET_NAME)";
				WRAPPER_EXTENSION = xctest;
			};
			name = Release;
		};
/* End XCBuildConfiguration section */

/* Begin XCConfigurationList section */
		3EF40043194CF33800B163B6 /* Build configuration list for PBXNativeTarget "ReactiveNetworking Mac" */ = {
			isa = XCConfigurationList;
			buildConfigurations = (
				3EF40044194CF33800B163B6 /* Debug */,
				3EF40045194CF33800B163B6 /* Release */,
			);
			defaultConfigurationIsVisible = 0;
			defaultConfigurationName = Release;
		};
		3EF40046194CF33800B163B6 /* Build configuration list for PBXNativeTarget "ReactiveNetworking Mac Tests" */ = {
			isa = XCConfigurationList;
			buildConfigurations = (
				3EF40047194CF33800B163B6 /* Debug */,
				3EF40048194CF33800B163B6 /* Release */,
			);
			defaultConfigurationIsVisible = 0;
			defaultConfigurationName = Release;
		};
		3EF4FFAA194C271A00B163B6 /* Build configuration list for PBXProject "ReactiveNetworking" */ = {
			isa = XCConfigurationList;
			buildConfigurations = (
				3EF4FFD0194C271A00B163B6 /* Debug */,
				3EF4FFD1194C271A00B163B6 /* Release */,
			);
			defaultConfigurationIsVisible = 0;
			defaultConfigurationName = Release;
		};
		3EF4FFD2194C271A00B163B6 /* Build configuration list for PBXNativeTarget "ReactiveNetworking iOS" */ = {
			isa = XCConfigurationList;
			buildConfigurations = (
				3EF4FFD3194C271A00B163B6 /* Debug */,
				3EF4FFD4194C271A00B163B6 /* Release */,
			);
			defaultConfigurationIsVisible = 0;
			defaultConfigurationName = Release;
		};
		3EF4FFD5194C271A00B163B6 /* Build configuration list for PBXNativeTarget "ReactiveNetworking iOS Tests" */ = {
			isa = XCConfigurationList;
			buildConfigurations = (
				3EF4FFD6194C271A00B163B6 /* Debug */,
				3EF4FFD7194C271A00B163B6 /* Release */,
			);
			defaultConfigurationIsVisible = 0;
			defaultConfigurationName = Release;
		};
/* End XCConfigurationList section */
	};
	rootObject = 3EF4FFA7194C271A00B163B6 /* Project object */;
}
